
Microsoft Visual Studio Solution File, Format Version 12.00
# Visual Studio Version 16
VisualStudioVersion = 16.0.30611.23
MinimumVisualStudioVersion = 10.0.40219.1
Project("{FAE04EC0-301F-11D3-BF4B-00C04F79EFBC}") = "EmployeeTestingMobile.Android", "EmployeeTestingMobile\EmployeeTestingMobile.Android\EmployeeTestingMobile.Android.csproj", "{84FA752A-9335-4F80-B5C1-08BE8CD45391}"
EndProject
Project("{FAE04EC0-301F-11D3-BF4B-00C04F79EFBC}") = "EmployeeTestingMobile", "EmployeeTestingMobile\EmployeeTestingMobile\EmployeeTestingMobile.csproj", "{54345A7C-B99C-41DD-9DA3-2CF9E9A0357E}"
EndProject
Global
	GlobalSection(SolutionConfigurationPlatforms) = preSolution
		Debug|Any CPU = Debug|Any CPU
		Release|Any CPU = Release|Any CPU
	EndGlobalSection
	GlobalSection(ProjectConfigurationPlatforms) = postSolution
		{84FA752A-9335-4F80-B5C1-08BE8CD45391}.Debug|Any CPU.ActiveCfg = Debug|Any CPU
		{84FA752A-9335-4F80-B5C1-08BE8CD45391}.Debug|Any CPU.Build.0 = Debug|Any CPU
		{84FA752A-9335-4F80-B5C1-08BE8CD45391}.Debug|Any CPU.Deploy.0 = Debug|Any CPU
		{84FA752A-9335-4F80-B5C1-08BE8CD45391}.Release|Any CPU.ActiveCfg = Release|Any CPU
		{84FA752A-9335-4F80-B5C1-08BE8CD45391}.Release|Any CPU.Build.0 = Release|Any CPU
		{84FA752A-9335-4F80-B5C1-08BE8CD45391}.Release|Any CPU.Deploy.0 = Release|Any CPU
		{54345A7C-B99C-41DD-9DA3-2CF9E9A0357E}.Debug|Any CPU.ActiveCfg = Debug|Any CPU
		{54345A7C-B99C-41DD-9DA3-2CF9E9A0357E}.Debug|Any CPU.Build.0 = Debug|Any CPU
		{54345A7C-B99C-41DD-9DA3-2CF9E9A0357E}.Debug|Any CPU.Deploy.0 = Debug|Any CPU
		{54345A7C-B99C-41DD-9DA3-2CF9E9A0357E}.Release|Any CPU.ActiveCfg = Release|Any CPU
		{54345A7C-B99C-41DD-9DA3-2CF9E9A0357E}.Release|Any CPU.Build.0 = Release|Any CPU
		{54345A7C-B99C-41DD-9DA3-2CF9E9A0357E}.Release|Any CPU.Deploy.0 = Release|Any CPU
	EndGlobalSection
	GlobalSection(SolutionProperties) = preSolution
		HideSolutionNode = FALSE
	EndGlobalSection
	GlobalSection(ExtensibilityGlobals) = postSolution
		SolutionGuid = {BD6ABFA9-0494-4C0C-83A3-14402671D95C}
	EndGlobalSection
EndGlobal
